// !$*UTF8*$!
{
	archiveVersion = 1;
	classes = {
	};
	objectVersion = 55;
	objects = {

/* Begin PBXBuildFile section */
		C52E14E527AB851F0058E305 /* ButtonStyles.swift in Sources */ = {isa = PBXBuildFile; fileRef = C52E14E427AB851F0058E305 /* ButtonStyles.swift */; };
		C5499E7D27A5DCF2009B01E9 /* BlitzBarApp.swift in Sources */ = {isa = PBXBuildFile; fileRef = C5499E7C27A5DCF2009B01E9 /* BlitzBarApp.swift */; };
		C5499E7F27A5DCF2009B01E9 /* ContentView.swift in Sources */ = {isa = PBXBuildFile; fileRef = C5499E7E27A5DCF2009B01E9 /* ContentView.swift */; };
		C5499E8127A5DD00009B01E9 /* Assets.xcassets in Resources */ = {isa = PBXBuildFile; fileRef = C5499E8027A5DD00009B01E9 /* Assets.xcassets */; };
		C5499E8427A5DD00009B01E9 /* Preview Assets.xcassets in Resources */ = {isa = PBXBuildFile; fileRef = C5499E8327A5DD00009B01E9 /* Preview Assets.xcassets */; };
		C5499E8B27A5E200009B01E9 /* BBLogo.swift in Sources */ = {isa = PBXBuildFile; fileRef = C5499E8A27A5E200009B01E9 /* BBLogo.swift */; };
		C5499E8D27A7832B009B01E9 /* CreateAccount.swift in Sources */ = {isa = PBXBuildFile; fileRef = C5499E8C27A7832B009B01E9 /* CreateAccount.swift */; };
		C5499E8F27A9938B009B01E9 /* MapView.swift in Sources */ = {isa = PBXBuildFile; fileRef = C5499E8E27A9938A009B01E9 /* MapView.swift */; };
/* End PBXBuildFile section */

/* Begin PBXFileReference section */
		C52E14E427AB851F0058E305 /* ButtonStyles.swift */ = {isa = PBXFileReference; lastKnownFileType = sourcecode.swift; path = ButtonStyles.swift; sourceTree = "<group>"; };
		C5499E7927A5DCF2009B01E9 /* BlitzBar.app */ = {isa = PBXFileReference; explicitFileType = wrapper.application; includeInIndex = 0; path = BlitzBar.app; sourceTree = BUILT_PRODUCTS_DIR; };
		C5499E7C27A5DCF2009B01E9 /* BlitzBarApp.swift */ = {isa = PBXFileReference; lastKnownFileType = sourcecode.swift; path = BlitzBarApp.swift; sourceTree = "<group>"; };
		C5499E7E27A5DCF2009B01E9 /* ContentView.swift */ = {isa = PBXFileReference; lastKnownFileType = sourcecode.swift; path = ContentView.swift; sourceTree = "<group>"; };
		C5499E8027A5DD00009B01E9 /* Assets.xcassets */ = {isa = PBXFileReference; lastKnownFileType = folder.assetcatalog; path = Assets.xcassets; sourceTree = "<group>"; };
		C5499E8327A5DD00009B01E9 /* Preview Assets.xcassets */ = {isa = PBXFileReference; lastKnownFileType = folder.assetcatalog; path = "Preview Assets.xcassets"; sourceTree = "<group>"; };
		C5499E8A27A5E200009B01E9 /* BBLogo.swift */ = {isa = PBXFileReference; lastKnownFileType = sourcecode.swift; path = BBLogo.swift; sourceTree = "<group>"; };
		C5499E8C27A7832B009B01E9 /* CreateAccount.swift */ = {isa = PBXFileReference; lastKnownFileType = sourcecode.swift; path = CreateAccount.swift; sourceTree = "<group>"; };
		C5499E8E27A9938A009B01E9 /* MapView.swift */ = {isa = PBXFileReference; lastKnownFileType = sourcecode.swift; path = MapView.swift; sourceTree = "<group>"; };
/* End PBXFileReference section */

/* Begin PBXFrameworksBuildPhase section */
		C5499E7627A5DCF1009B01E9 /* Frameworks */ = {
			isa = PBXFrameworksBuildPhase;
			buildActionMask = 2147483647;
			files = (
			);
			runOnlyForDeploymentPostprocessing = 0;
		};
/* End PBXFrameworksBuildPhase section */

/* Begin PBXGroup section */
		C5499E7027A5DCF0009B01E9 = {
			isa = PBXGroup;
			children = (
				C5499E7B27A5DCF2009B01E9 /* BlitzBar */,
				C5499E7A27A5DCF2009B01E9 /* Products */,
			);
			sourceTree = "<group>";
		};
		C5499E7A27A5DCF2009B01E9 /* Products */ = {
			isa = PBXGroup;
			children = (
				C5499E7927A5DCF2009B01E9 /* BlitzBar.app */,
			);
			name = Products;
			sourceTree = "<group>";
		};
		C5499E7B27A5DCF2009B01E9 /* BlitzBar */ = {
			isa = PBXGroup;
			children = (
				C5499E7C27A5DCF2009B01E9 /* BlitzBarApp.swift */,
				C5499E7E27A5DCF2009B01E9 /* ContentView.swift */,
				C52E14E427AB851F0058E305 /* ButtonStyles.swift */,
				C5499E8E27A9938A009B01E9 /* MapView.swift */,
				C5499E8C27A7832B009B01E9 /* CreateAccount.swift */,
				C5499E8027A5DD00009B01E9 /* Assets.xcassets */,
				C5499E8A27A5E200009B01E9 /* BBLogo.swift */,
				C5499E8227A5DD00009B01E9 /* Preview Content */,
			);
			path = BlitzBar;
			sourceTree = "<group>";
		};
		C5499E8227A5DD00009B01E9 /* Preview Content */ = {
			isa = PBXGroup;
			children = (
				C5499E8327A5DD00009B01E9 /* Preview Assets.xcassets */,
			);
			path = "Preview Content";
			sourceTree = "<group>";
		};
/* End PBXGroup section */

/* Begin PBXNativeTarget section */
		C5499E7827A5DCF1009B01E9 /* BlitzBar */ = {
			isa = PBXNativeTarget;
			buildConfigurationList = C5499E8727A5DD00009B01E9 /* Build configuration list for PBXNativeTarget "BlitzBar" */;
			buildPhases = (
				C5499E7527A5DCF1009B01E9 /* Sources */,
				C5499E7627A5DCF1009B01E9 /* Frameworks */,
				C5499E7727A5DCF1009B01E9 /* Resources */,
			);
			buildRules = (
			);
			dependencies = (
			);
			name = BlitzBar;
			productName = BlitzBar;
			productReference = C5499E7927A5DCF2009B01E9 /* BlitzBar.app */;
			productType = "com.apple.product-type.application";
		};
/* End PBXNativeTarget section */

/* Begin PBXProject section */
		C5499E7127A5DCF0009B01E9 /* Project object */ = {
			isa = PBXProject;
			attributes = {
				BuildIndependentTargetsInParallel = 1;
				LastSwiftUpdateCheck = 1320;
				LastUpgradeCheck = 1320;
				TargetAttributes = {
					C5499E7827A5DCF1009B01E9 = {
						CreatedOnToolsVersion = 13.2.1;
					};
				};
			};
			buildConfigurationList = C5499E7427A5DCF0009B01E9 /* Build configuration list for PBXProject "BlitzBar" */;
			compatibilityVersion = "Xcode 13.0";
			developmentRegion = en;
			hasScannedForEncodings = 0;
			knownRegions = (
				en,
				Base,
			);
			mainGroup = C5499E7027A5DCF0009B01E9;
			productRefGroup = C5499E7A27A5DCF2009B01E9 /* Products */;
			projectDirPath = "";
			projectRoot = "";
			targets = (
				C5499E7827A5DCF1009B01E9 /* BlitzBar */,
			);
		};
/* End PBXProject section */

/* Begin PBXResourcesBuildPhase section */
		C5499E7727A5DCF1009B01E9 /* Resources */ = {
			isa = PBXResourcesBuildPhase;
			buildActionMask = 2147483647;
			files = (
				C5499E8427A5DD00009B01E9 /* Preview Assets.xcassets in Resources */,
				C5499E8127A5DD00009B01E9 /* Assets.xcassets in Resources */,
			);
			runOnlyForDeploymentPostprocessing = 0;
		};
/* End PBXResourcesBuildPhase section */

/* Begin PBXSourcesBuildPhase section */
		C5499E7527A5DCF1009B01E9 /* Sources */ = {
			isa = PBXSourcesBuildPhase;
			buildActionMask = 2147483647;
			files = (
				C5499E7F27A5DCF2009B01E9 /* ContentView.swift in Sources */,
				C52E14E527AB851F0058E305 /* ButtonStyles.swift in Sources */,
				C5499E8B27A5E200009B01E9 /* BBLogo.swift in Sources */,
				C5499E8F27A9938B009B01E9 /* MapView.swift in Sources */,
				C5499E7D27A5DCF2009B01E9 /* BlitzBarApp.swift in Sources */,
				C5499E8D27A7832B009B01E9 /* CreateAccount.swift in Sources */,
			);
			runOnlyForDeploymentPostprocessing = 0;
		};
/* End PBXSourcesBuildPhase section */

/* Begin XCBuildConfiguration section */
		C5499E8527A5DD00009B01E9 /* Debug */ = {
			isa = XCBuildConfiguration;
			buildSettings = {
				ALWAYS_SEARCH_USER_PATHS = NO;
				CLANG_ANALYZER_NONNULL = YES;
				CLANG_ANALYZER_NUMBER_OBJECT_CONVERSION = YES_AGGRESSIVE;
				CLANG_CXX_LANGUAGE_STANDARD = "gnu++17";
				CLANG_CXX_LIBRARY = "libc++";
				CLANG_ENABLE_MODULES = YES;
				CLANG_ENABLE_OBJC_ARC = YES;
				CLANG_ENABLE_OBJC_WEAK = YES;
				CLANG_WARN_BLOCK_CAPTURE_AUTORELEASING = YES;
				CLANG_WARN_BOOL_CONVERSION = YES;
				CLANG_WARN_COMMA = YES;
				CLANG_WARN_CONSTANT_CONVERSION = YES;
				CLANG_WARN_DEPRECATED_OBJC_IMPLEMENTATIONS = YES;
				CLANG_WARN_DIRECT_OBJC_ISA_USAGE = YES_ERROR;
				CLANG_WARN_DOCUMENTATION_COMMENTS = YES;
				CLANG_WARN_EMPTY_BODY = YES;
				CLANG_WARN_ENUM_CONVERSION = YES;
				CLANG_WARN_INFINITE_RECURSION = YES;
				CLANG_WARN_INT_CONVERSION = YES;
				CLANG_WARN_NON_LITERAL_NULL_CONVERSION = YES;
				CLANG_WARN_OBJC_IMPLICIT_RETAIN_SELF = YES;
				CLANG_WARN_OBJC_LITERAL_CONVERSION = YES;
				CLANG_WARN_OBJC_ROOT_CLASS = YES_ERROR;
				CLANG_WARN_QUOTED_INCLUDE_IN_FRAMEWORK_HEADER = YES;
				CLANG_WARN_RANGE_LOOP_ANALYSIS = YES;
				CLANG_WARN_STRICT_PROTOTYPES = YES;
				CLANG_WARN_SUSPICIOUS_MOVE = YES;
				CLANG_WARN_UNGUARDED_AVAILABILITY = YES_AGGRESSIVE;
				CLANG_WARN_UNREACHABLE_CODE = YES;
				CLANG_WARN__DUPLICATE_METHOD_MATCH = YES;
				COPY_PHASE_STRIP = NO;
				DEBUG_INFORMATION_FORMAT = dwarf;
				ENABLE_STRICT_OBJC_MSGSEND = YES;
				ENABLE_TESTABILITY = YES;
				GCC_C_LANGUAGE_STANDARD = gnu11;
				GCC_DYNAMIC_NO_PIC = NO;
				GCC_NO_COMMON_BLOCKS = YES;
				GCC_OPTIMIZATION_LEVEL = 0;
				GCC_PREPROCESSOR_DEFINITIONS = (
					"DEBUG=1",
					"$(inherited)",
				);
				GCC_WARN_64_TO_32_BIT_CONVERSION = YES;
				GCC_WARN_ABOUT_RETURN_TYPE = YES_ERROR;
				GCC_WARN_UNDECLARED_SELECTOR = YES;
				GCC_WARN_UNINITIALIZED_AUTOS = YES_AGGRESSIVE;
				GCC_WARN_UNUSED_FUNCTION = YES;
				GCC_WARN_UNUSED_VARIABLE = YES;
				IPHONEOS_DEPLOYMENT_TARGET = 15.2;
				MTL_ENABLE_DEBUG_INFO = INCLUDE_SOURCE;
				MTL_FAST_MATH = YES;
				ONLY_ACTIVE_ARCH = YES;
				SDKROOT = iphoneos;
				SWIFT_ACTIVE_COMPILATION_CONDITIONS = DEBUG;
				SWIFT_OPTIMIZATION_LEVEL = "-Onone";
			};
			name = Debug;
		};
		C5499E8627A5DD00009B01E9 /* Release */ = {
			isa = XCBuildConfiguration;
			buildSettings = {
				ALWAYS_SEARCH_USER_PATHS = NO;
				CLANG_ANALYZER_NONNULL = YES;
				CLANG_ANALYZER_NUMBER_OBJECT_CONVERSION = YES_AGGRESSIVE;
				CLANG_CXX_LANGUAGE_STANDARD = "gnu++17";
				CLANG_CXX_LIBRARY = "libc++";
				CLANG_ENABLE_MODULES = YES;
				CLANG_ENABLE_OBJC_ARC = YES;
				CLANG_ENABLE_OBJC_WEAK = YES;
				CLANG_WARN_BLOCK_CAPTURE_AUTORELEASING = YES;
				CLANG_WARN_BOOL_CONVERSION = YES;
				CLANG_WARN_COMMA = YES;
				CLANG_WARN_CONSTANT_CONVERSION = YES;
				CLANG_WARN_DEPRECATED_OBJC_IMPLEMENTATIONS = YES;
				CLANG_WARN_DIRECT_OBJC_ISA_USAGE = YES_ERROR;
				CLANG_WARN_DOCUMENTATION_COMMENTS = YES;
				CLANG_WARN_EMPTY_BODY = YES;
				CLANG_WARN_ENUM_CONVERSION = YES;
				CLANG_WARN_INFINITE_RECURSION = YES;
				CLANG_WARN_INT_CONVERSION = YES;
				CLANG_WARN_NON_LITERAL_NULL_CONVERSION = YES;
				CLANG_WARN_OBJC_IMPLICIT_RETAIN_SELF = YES;
				CLANG_WARN_OBJC_LITERAL_CONVERSION = YES;
				CLANG_WARN_OBJC_ROOT_CLASS = YES_ERROR;
				CLANG_WARN_QUOTED_INCLUDE_IN_FRAMEWORK_HEADER = YES;
				CLANG_WARN_RANGE_LOOP_ANALYSIS = YES;
				CLANG_WARN_STRICT_PROTOTYPES = YES;
				CLANG_WARN_SUSPICIOUS_MOVE = YES;
				CLANG_WARN_UNGUARDED_AVAILABILITY = YES_AGGRESSIVE;
				CLANG_WARN_UNREACHABLE_CODE = YES;
				CLANG_WARN__DUPLICATE_METHOD_MATCH = YES;
				COPY_PHASE_STRIP = NO;
				DEBUG_INFORMATION_FORMAT = "dwarf-with-dsym";
				ENABLE_NS_ASSERTIONS = NO;
				ENABLE_STRICT_OBJC_MSGSEND = YES;
				GCC_C_LANGUAGE_STANDARD = gnu11;
				GCC_NO_COMMON_BLOCKS = YES;
				GCC_WARN_64_TO_32_BIT_CONVERSION = YES;
				GCC_WARN_ABOUT_RETURN_TYPE = YES_ERROR;
				GCC_WARN_UNDECLARED_SELECTOR = YES;
				GCC_WARN_UNINITIALIZED_AUTOS = YES_AGGRESSIVE;
				GCC_WARN_UNUSED_FUNCTION = YES;
				GCC_WARN_UNUSED_VARIABLE = YES;
				IPHONEOS_DEPLOYMENT_TARGET = 15.2;
				MTL_ENABLE_DEBUG_INFO = NO;
				MTL_FAST_MATH = YES;
				SDKROOT = iphoneos;
				SWIFT_COMPILATION_MODE = wholemodule;
				SWIFT_OPTIMIZATION_LEVEL = "-O";
				VALIDATE_PRODUCT = YES;
			};
			name = Release;
		};
		C5499E8827A5DD00009B01E9 /* Debug */ = {
			isa = XCBuildConfiguration;
			buildSettings = {
				ASSETCATALOG_COMPILER_APPICON_NAME = AppIcon;
				ASSETCATALOG_COMPILER_GLOBAL_ACCENT_COLOR_NAME = AccentColor;
				CODE_SIGN_STYLE = Automatic;
				CURRENT_PROJECT_VERSION = 1;
				DEVELOPMENT_ASSET_PATHS = "\"BlitzBar/Preview Content\"";
				DEVELOPMENT_TEAM = HQ9659LD23;
				ENABLE_PREVIEWS = YES;
				GENERATE_INFOPLIST_FILE = YES;
				INFOPLIST_KEY_UIApplicationSceneManifest_Generation = YES;
				INFOPLIST_KEY_UIApplicationSupportsIndirectInputEvents = YES;
				INFOPLIST_KEY_UILaunchScreen_Generation = YES;
				INFOPLIST_KEY_UISupportedInterfaceOrientations_iPad = "UIInterfaceOrientationPortrait UIInterfaceOrientationPortraitUpsideDown UIInterfaceOrientationLandscapeLeft UIInterfaceOrientationLandscapeRight";
				INFOPLIST_KEY_UISupportedInterfaceOrientations_iPhone = "UIInterfaceOrientationPortrait UIInterfaceOrientationLandscapeLeft UIInterfaceOrientationLandscapeRight";
				IPHONEOS_DEPLOYMENT_TARGET = 15.0;
				LD_RUNPATH_SEARCH_PATHS = (
					"$(inherited)",
					"@executable_path/Frameworks",
				);
				MARKETING_VERSION = 1.0;
				PRODUCT_BUNDLE_IDENTIFIER = com.lwehrli32.BlitzBar;
				PRODUCT_NAME = "$(TARGET_NAME)";
				SWIFT_EMIT_LOC_STRINGS = YES;
				SWIFT_VERSION = 5.0;
				TARGETED_DEVICE_FAMILY = "1,2";
			};
			name = Debug;
		};
		C5499E8927A5DD00009B01E9 /* Release */ = {
			isa = XCBuildConfiguration;
			buildSettings = {
				ASSETCATALOG_COMPILER_APPICON_NAME = AppIcon;
				ASSETCATALOG_COMPILER_GLOBAL_ACCENT_COLOR_NAME = AccentColor;
				CODE_SIGN_STYLE = Automatic;
				CURRENT_PROJECT_VERSION = 1;
				DEVELOPMENT_ASSET_PATHS = "\"BlitzBar/Preview Content\"";
				DEVELOPMENT_TEAM = HQ9659LD23;
				ENABLE_PREVIEWS = YES;
				GENERATE_INFOPLIST_FILE = YES;
				INFOPLIST_KEY_UIApplicationSceneManifest_Generation = YES;
				INFOPLIST_KEY_UIApplicationSupportsIndirectInputEvents = YES;
				INFOPLIST_KEY_UILaunchScreen_Generation = YES;
				INFOPLIST_KEY_UISupportedInterfaceOrientations_iPad = "UIInterfaceOrientationPortrait UIInterfaceOrientationPortraitUpsideDown UIInterfaceOrientationLandscapeLeft UIInterfaceOrientationLandscapeRight";
				INFOPLIST_KEY_UISupportedInterfaceOrientations_iPhone = "UIInterfaceOrientationPortrait UIInterfaceOrientationLandscapeLeft UIInterfaceOrientationLandscapeRight";
				IPHONEOS_DEPLOYMENT_TARGET = 15.0;
				LD_RUNPATH_SEARCH_PATHS = (
					"$(inherited)",
					"@executable_path/Frameworks",
				);
				MARKETING_VERSION = 1.0;
				PRODUCT_BUNDLE_IDENTIFIER = com.lwehrli32.BlitzBar;
				PRODUCT_NAME = "$(TARGET_NAME)";
				SWIFT_EMIT_LOC_STRINGS = YES;
				SWIFT_VERSION = 5.0;
				TARGETED_DEVICE_FAMILY = "1,2";
			};
			name = Release;
		};
/* End XCBuildConfiguration section */

/* Begin XCConfigurationList section */
		C5499E7427A5DCF0009B01E9 /* Build configuration list for PBXProject "BlitzBar" */ = {
			isa = XCConfigurationList;
			buildConfigurations = (
				C5499E8527A5DD00009B01E9 /* Debug */,
				C5499E8627A5DD00009B01E9 /* Release */,
			);
			defaultConfigurationIsVisible = 0;
			defaultConfigurationName = Release;
		};
		C5499E8727A5DD00009B01E9 /* Build configuration list for PBXNativeTarget "BlitzBar" */ = {
			isa = XCConfigurationList;
			buildConfigurations = (
				C5499E8827A5DD00009B01E9 /* Debug */,
				C5499E8927A5DD00009B01E9 /* Release */,
			);
			defaultConfigurationIsVisible = 0;
			defaultConfigurationName = Release;
		};
/* End XCConfigurationList section */
	};
	rootObject = C5499E7127A5DCF0009B01E9 /* Project object */;
}
